// !$*UTF8*$!
{
	archiveVersion = 1;
	classes = {
	};
	objectVersion = 46;
	objects = {

/* Begin PBXBuildFile section */
		F07225E71948C02E00EB29E0 /* MSDateFormatter.strings in Resources */ = {isa = PBXBuildFile; fileRef = F07225E91948C02E00EB29E0 /* MSDateFormatter.strings */; };
		F0EF90E919481ABE00276306 /* AppDelegate.swift in Sources */ = {isa = PBXBuildFile; fileRef = F0EF90E819481ABE00276306 /* AppDelegate.swift */; };
		F0EF90EB19481ABE00276306 /* Images.xcassets in Resources */ = {isa = PBXBuildFile; fileRef = F0EF90EA19481ABE00276306 /* Images.xcassets */; };
		F0EF90F719481ABE00276306 /* MSDateFormatterTests.swift in Sources */ = {isa = PBXBuildFile; fileRef = F0EF90F619481ABE00276306 /* MSDateFormatterTests.swift */; };
		F0EF910119481AEA00276306 /* MSDateFormatter.swift in Sources */ = {isa = PBXBuildFile; fileRef = F0EF910019481AEA00276306 /* MSDateFormatter.swift */; };
/* End PBXBuildFile section */

/* Begin PBXContainerItemProxy section */
		F0EF90F119481ABE00276306 /* PBXContainerItemProxy */ = {
			isa = PBXContainerItemProxy;
			containerPortal = F0EF90DB19481ABE00276306 /* Project object */;
			proxyType = 1;
			remoteGlobalIDString = F0EF90E219481ABE00276306;
			remoteInfo = MSDateFormatter;
		};
/* End PBXContainerItemProxy section */

/* Begin PBXFileReference section */
		F07225E81948C02E00EB29E0 /* en */ = {isa = PBXFileReference; lastKnownFileType = text.plist.strings; name = en; path = en.lproj/MSDateFormatter.strings; sourceTree = "<group>"; };
		F07225EB1948C12F00EB29E0 /* ja */ = {isa = PBXFileReference; lastKnownFileType = text.plist.strings; name = ja; path = ja.lproj/MSDateFormatter.strings; sourceTree = "<group>"; };
		F0A7FDFD19497FFB00BE795D /* vi */ = {isa = PBXFileReference; lastKnownFileType = text.plist.strings; name = vi; path = vi.lproj/MSDateFormatter.strings; sourceTree = "<group>"; };
		F0EF90E319481ABE00276306 /* MSDateFormatter.app */ = {isa = PBXFileReference; explicitFileType = wrapper.application; includeInIndex = 0; path = MSDateFormatter.app; sourceTree = BUILT_PRODUCTS_DIR; };
		F0EF90E719481ABE00276306 /* Info.plist */ = {isa = PBXFileReference; lastKnownFileType = text.plist.xml; path = Info.plist; sourceTree = "<group>"; };
		F0EF90E819481ABE00276306 /* AppDelegate.swift */ = {isa = PBXFileReference; lastKnownFileType = sourcecode.swift; path = AppDelegate.swift; sourceTree = "<group>"; };
		F0EF90EA19481ABE00276306 /* Images.xcassets */ = {isa = PBXFileReference; lastKnownFileType = folder.assetcatalog; path = Images.xcassets; sourceTree = "<group>"; };
		F0EF90F019481ABE00276306 /* MSDateFormatterTests.xctest */ = {isa = PBXFileReference; explicitFileType = wrapper.cfbundle; includeInIndex = 0; path = MSDateFormatterTests.xctest; sourceTree = BUILT_PRODUCTS_DIR; };
		F0EF90F519481ABE00276306 /* Info.plist */ = {isa = PBXFileReference; lastKnownFileType = text.plist.xml; path = Info.plist; sourceTree = "<group>"; };
		F0EF90F619481ABE00276306 /* MSDateFormatterTests.swift */ = {isa = PBXFileReference; lastKnownFileType = sourcecode.swift; path = MSDateFormatterTests.swift; sourceTree = "<group>"; };
		F0EF910019481AEA00276306 /* MSDateFormatter.swift */ = {isa = PBXFileReference; fileEncoding = 4; lastKnownFileType = sourcecode.swift; path = MSDateFormatter.swift; sourceTree = "<group>"; };
/* End PBXFileReference section */

/* Begin PBXFrameworksBuildPhase section */
		F0EF90E019481ABE00276306 /* Frameworks */ = {
			isa = PBXFrameworksBuildPhase;
			buildActionMask = 2147483647;
			files = (
			);
			runOnlyForDeploymentPostprocessing = 0;
		};
		F0EF90ED19481ABE00276306 /* Frameworks */ = {
			isa = PBXFrameworksBuildPhase;
			buildActionMask = 2147483647;
			files = (
			);
			runOnlyForDeploymentPostprocessing = 0;
		};
/* End PBXFrameworksBuildPhase section */

/* Begin PBXGroup section */
		F07225E41948BFF800EB29E0 /* Localizations */ = {
			isa = PBXGroup;
			children = (
				F07225E91948C02E00EB29E0 /* MSDateFormatter.strings */,
			);
			name = Localizations;
			sourceTree = "<group>";
		};
		F0EF90DA19481ABE00276306 = {
			isa = PBXGroup;
			children = (
				F07225E41948BFF800EB29E0 /* Localizations */,
				F0EF90E519481ABE00276306 /* MSDateFormatter */,
				F0EF90F319481ABE00276306 /* MSDateFormatterTests */,
				F0EF90E419481ABE00276306 /* Products */,
			);
			sourceTree = "<group>";
		};
		F0EF90E419481ABE00276306 /* Products */ = {
			isa = PBXGroup;
			children = (
				F0EF90E319481ABE00276306 /* MSDateFormatter.app */,
				F0EF90F019481ABE00276306 /* MSDateFormatterTests.xctest */,
			);
			name = Products;
			sourceTree = "<group>";
		};
		F0EF90E519481ABE00276306 /* MSDateFormatter */ = {
			isa = PBXGroup;
			children = (
				F0EF90E819481ABE00276306 /* AppDelegate.swift */,
				F0EF90EA19481ABE00276306 /* Images.xcassets */,
				F0EF90E619481ABE00276306 /* Supporting Files */,
				F0EF910019481AEA00276306 /* MSDateFormatter.swift */,
			);
			path = MSDateFormatter;
			sourceTree = "<group>";
		};
		F0EF90E619481ABE00276306 /* Supporting Files */ = {
			isa = PBXGroup;
			children = (
				F0EF90E719481ABE00276306 /* Info.plist */,
			);
			name = "Supporting Files";
			sourceTree = "<group>";
		};
		F0EF90F319481ABE00276306 /* MSDateFormatterTests */ = {
			isa = PBXGroup;
			children = (
				F0EF90F619481ABE00276306 /* MSDateFormatterTests.swift */,
				F0EF90F419481ABE00276306 /* Supporting Files */,
			);
			path = MSDateFormatterTests;
			sourceTree = "<group>";
		};
		F0EF90F419481ABE00276306 /* Supporting Files */ = {
			isa = PBXGroup;
			children = (
				F0EF90F519481ABE00276306 /* Info.plist */,
			);
			name = "Supporting Files";
			sourceTree = "<group>";
		};
/* End PBXGroup section */

/* Begin PBXNativeTarget section */
		F0EF90E219481ABE00276306 /* MSDateFormatter */ = {
			isa = PBXNativeTarget;
			buildConfigurationList = F0EF90FA19481ABE00276306 /* Build configuration list for PBXNativeTarget "MSDateFormatter" */;
			buildPhases = (
				F0EF90DF19481ABE00276306 /* Sources */,
				F0EF90E019481ABE00276306 /* Frameworks */,
				F0EF90E119481ABE00276306 /* Resources */,
			);
			buildRules = (
			);
			dependencies = (
			);
			name = MSDateFormatter;
			productName = MSDateFormatter;
			productReference = F0EF90E319481ABE00276306 /* MSDateFormatter.app */;
			productType = "com.apple.product-type.application";
		};
		F0EF90EF19481ABE00276306 /* MSDateFormatterTests */ = {
			isa = PBXNativeTarget;
			buildConfigurationList = F0EF90FD19481ABE00276306 /* Build configuration list for PBXNativeTarget "MSDateFormatterTests" */;
			buildPhases = (
				F0EF90EC19481ABE00276306 /* Sources */,
				F0EF90ED19481ABE00276306 /* Frameworks */,
				F0EF90EE19481ABE00276306 /* Resources */,
			);
			buildRules = (
			);
			dependencies = (
				F0EF90F219481ABE00276306 /* PBXTargetDependency */,
			);
			name = MSDateFormatterTests;
			productName = MSDateFormatterTests;
			productReference = F0EF90F019481ABE00276306 /* MSDateFormatterTests.xctest */;
			productType = "com.apple.product-type.bundle.unit-test";
		};
/* End PBXNativeTarget section */

/* Begin PBXProject section */
		F0EF90DB19481ABE00276306 /* Project object */ = {
			isa = PBXProject;
			attributes = {
				LastUpgradeCheck = 0600;
				ORGANIZATIONNAME = "Michael Vu";
				TargetAttributes = {
					F0EF90E219481ABE00276306 = {
						CreatedOnToolsVersion = 6.0;
					};
					F0EF90EF19481ABE00276306 = {
						CreatedOnToolsVersion = 6.0;
						TestTargetID = F0EF90E219481ABE00276306;
					};
				};
			};
			buildConfigurationList = F0EF90DE19481ABE00276306 /* Build configuration list for PBXProject "MSDateFormatter" */;
			compatibilityVersion = "Xcode 3.2";
			developmentRegion = English;
			hasScannedForEncodings = 0;
			knownRegions = (
				en,
				Base,
				ja,
				vi,
			);
			mainGroup = F0EF90DA19481ABE00276306;
			productRefGroup = F0EF90E419481ABE00276306 /* Products */;
			projectDirPath = "";
			projectRoot = "";
			targets = (
				F0EF90E219481ABE00276306 /* MSDateFormatter */,
				F0EF90EF19481ABE00276306 /* MSDateFormatterTests */,
			);
		};
/* End PBXProject section */

/* Begin PBXResourcesBuildPhase section */
		F0EF90E119481ABE00276306 /* Resources */ = {
			isa = PBXResourcesBuildPhase;
			buildActionMask = 2147483647;
			files = (
				F0EF90EB19481ABE00276306 /* Images.xcassets in Resources */,
				F07225E71948C02E00EB29E0 /* MSDateFormatter.strings in Resources */,
			);
			runOnlyForDeploymentPostprocessing = 0;
		};
		F0EF90EE19481ABE00276306 /* Resources */ = {
			isa = PBXResourcesBuildPhase;
			buildActionMask = 2147483647;
			files = (
			);
			runOnlyForDeploymentPostprocessing = 0;
		};
/* End PBXResourcesBuildPhase section */

/* Begin PBXSourcesBuildPhase section */
		F0EF90DF19481ABE00276306 /* Sources */ = {
			isa = PBXSourcesBuildPhase;
			buildActionMask = 2147483647;
			files = (
				F0EF910119481AEA00276306 /* MSDateFormatter.swift in Sources */,
				F0EF90E919481ABE00276306 /* AppDelegate.swift in Sources */,
			);
			runOnlyForDeploymentPostprocessing = 0;
		};
		F0EF90EC19481ABE00276306 /* Sources */ = {
			isa = PBXSourcesBuildPhase;
			buildActionMask = 2147483647;
			files = (
				F0EF90F719481ABE00276306 /* MSDateFormatterTests.swift in Sources */,
			);
			runOnlyForDeploymentPostprocessing = 0;
		};
/* End PBXSourcesBuildPhase section */

/* Begin PBXTargetDependency section */
		F0EF90F219481ABE00276306 /* PBXTargetDependency */ = {
			isa = PBXTargetDependency;
			target = F0EF90E219481ABE00276306 /* MSDateFormatter */;
			targetProxy = F0EF90F119481ABE00276306 /* PBXContainerItemProxy */;
		};
/* End PBXTargetDependency section */

/* Begin PBXVariantGroup section */
		F07225E91948C02E00EB29E0 /* MSDateFormatter.strings */ = {
			isa = PBXVariantGroup;
			children = (
				F07225E81948C02E00EB29E0 /* en */,
				F07225EB1948C12F00EB29E0 /* ja */,
				F0A7FDFD19497FFB00BE795D /* vi */,
			);
			name = MSDateFormatter.strings;
			sourceTree = "<group>";
		};
/* End PBXVariantGroup section */

/* Begin XCBuildConfiguration section */
		F0EF90F819481ABE00276306 /* Debug */ = {
			isa = XCBuildConfiguration;
			buildSettings = {
				ALWAYS_SEARCH_USER_PATHS = NO;
				CLANG_CXX_LANGUAGE_STANDARD = "gnu++0x";
				CLANG_CXX_LIBRARY = "libc++";
				CLANG_ENABLE_MODULES = YES;
				CLANG_ENABLE_OBJC_ARC = YES;
				CLANG_WARN_BOOL_CONVERSION = YES;
				CLANG_WARN_CONSTANT_CONVERSION = YES;
				CLANG_WARN_DIRECT_OBJC_ISA_USAGE = YES_ERROR;
				CLANG_WARN_EMPTY_BODY = YES;
				CLANG_WARN_ENUM_CONVERSION = YES;
				CLANG_WARN_INT_CONVERSION = YES;
				CLANG_WARN_OBJC_ROOT_CLASS = YES_ERROR;
				CLANG_WARN_UNREACHABLE_CODE = YES;
				CLANG_WARN__DUPLICATE_METHOD_MATCH = YES;
				"CODE_SIGN_IDENTITY[sdk=iphoneos*]" = "iPhone Developer";
				COPY_PHASE_STRIP = NO;
				ENABLE_STRICT_OBJC_MSGSEND = YES;
				GCC_C_LANGUAGE_STANDARD = gnu99;
				GCC_DYNAMIC_NO_PIC = NO;
				GCC_OPTIMIZATION_LEVEL = 0;
				GCC_PREPROCESSOR_DEFINITIONS = (
					"DEBUG=1",
					"$(inherited)",
				);
				GCC_SYMBOLS_PRIVATE_EXTERN = NO;
				GCC_WARN_64_TO_32_BIT_CONVERSION = YES;
				GCC_WARN_ABOUT_RETURN_TYPE = YES_ERROR;
				GCC_WARN_UNDECLARED_SELECTOR = YES;
				GCC_WARN_UNINITIALIZED_AUTOS = YES_AGGRESSIVE;
				GCC_WARN_UNUSED_FUNCTION = YES;
				GCC_WARN_UNUSED_VARIABLE = YES;
				IPHONEOS_DEPLOYMENT_TARGET = 8.0;
				METAL_ENABLE_DEBUG_INFO = YES;
				ONLY_ACTIVE_ARCH = YES;
				SDKROOT = iphoneos;
				SWIFT_OPTIMIZATION_LEVEL = "-Onone";
			};
			name = Debug;
		};
		F0EF90F919481ABE00276306 /* Release */ = {
			isa = XCBuildConfiguration;
			buildSettings = {
				ALWAYS_SEARCH_USER_PATHS = NO;
				CLANG_CXX_LANGUAGE_STANDARD = "gnu++0x";
				CLANG_CXX_LIBRARY = "libc++";
				CLANG_ENABLE_MODULES = YES;
				CLANG_ENABLE_OBJC_ARC = YES;
				CLANG_WARN_BOOL_CONVERSION = YES;
				CLANG_WARN_CONSTANT_CONVERSION = YES;
				CLANG_WARN_DIRECT_OBJC_ISA_USAGE = YES_ERROR;
				CLANG_WARN_EMPTY_BODY = YES;
				CLANG_WARN_ENUM_CONVERSION = YES;
				CLANG_WARN_INT_CONVERSION = YES;
				CLANG_WARN_OBJC_ROOT_CLASS = YES_ERROR;
				CLANG_WARN_UNREACHABLE_CODE = YES;
				CLANG_WARN__DUPLICATE_METHOD_MATCH = YES;
				"CODE_SIGN_IDENTITY[sdk=iphoneos*]" = "iPhone Developer";
				COPY_PHASE_STRIP = YES;
				ENABLE_NS_ASSERTIONS = NO;
				ENABLE_STRICT_OBJC_MSGSEND = YES;
				GCC_C_LANGUAGE_STANDARD = gnu99;
				GCC_WARN_64_TO_32_BIT_CONVERSION = YES;
				GCC_WARN_ABOUT_RETURN_TYPE = YES_ERROR;
				GCC_WARN_UNDECLARED_SELECTOR = YES;
				GCC_WARN_UNINITIALIZED_AUTOS = YES_AGGRESSIVE;
				GCC_WARN_UNUSED_FUNCTION = YES;
				GCC_WARN_UNUSED_VARIABLE = YES;
				IPHONEOS_DEPLOYMENT_TARGET = 8.0;
				METAL_ENABLE_DEBUG_INFO = NO;
				SDKROOT = iphoneos;
				VALIDATE_PRODUCT = YES;
			};
			name = Release;
		};
		F0EF90FB19481ABE00276306 /* Debug */ = {
			isa = XCBuildConfiguration;
			buildSettings = {
				ASSETCATALOG_COMPILER_APPICON_NAME = AppIcon;
				ASSETCATALOG_COMPILER_LAUNCHIMAGE_NAME = LaunchImage;
				INFOPLIST_FILE = MSDateFormatter/Info.plist;
				LD_RUNPATH_SEARCH_PATHS = "$(inherited) @executable_path/Frameworks";
				PRODUCT_NAME = "$(TARGET_NAME)";
			};
			name = Debug;
		};
		F0EF90FC19481ABE00276306 /* Release */ = {
			isa = XCBuildConfiguration;
			buildSettings = {
				ASSETCATALOG_COMPILER_APPICON_NAME = AppIcon;
				ASSETCATALOG_COMPILER_LAUNCHIMAGE_NAME = LaunchImage;
				INFOPLIST_FILE = MSDateFormatter/Info.plist;
				LD_RUNPATH_SEARCH_PATHS = "$(inherited) @executable_path/Frameworks";
				PRODUCT_NAME = "$(TARGET_NAME)";
			};
			name = Release;
		};
		F0EF90FE19481ABE00276306 /* Debug */ = {
			isa = XCBuildConfiguration;
			buildSettings = {
				BUNDLE_LOADER = "$(BUILT_PRODUCTS_DIR)/MSDateFormatter.app/MSDateFormatter";
				FRAMEWORK_SEARCH_PATHS = (
					"$(SDKROOT)/Developer/Library/Frameworks",
					"$(inherited)",
				);
				GCC_PREPROCESSOR_DEFINITIONS = (
					"DEBUG=1",
					"$(inherited)",
				);
				INFOPLIST_FILE = MSDateFormatterTests/Info.plist;
				LD_RUNPATH_SEARCH_PATHS = "$(inherited) @executable_path/Frameworks @loader_path/Frameworks";
				METAL_ENABLE_DEBUG_INFO = YES;
				PRODUCT_NAME = "$(TARGET_NAME)";
				TEST_HOST = "$(BUNDLE_LOADER)";
			};
			name = Debug;
		};
		F0EF90FF19481ABE00276306 /* Release */ = {
			isa = XCBuildConfiguration;
			buildSettings = {
				BUNDLE_LOADER = "$(BUILT_PRODUCTS_DIR)/MSDateFormatter.app/MSDateFormatter";
				FRAMEWORK_SEARCH_PATHS = (
					"$(SDKROOT)/Developer/Library/Frameworks",
					"$(inherited)",
				);
				INFOPLIST_FILE = MSDateFormatterTests/Info.plist;
				LD_RUNPATH_SEARCH_PATHS = "$(inherited) @executable_path/Frameworks @loader_path/Frameworks";
				METAL_ENABLE_DEBUG_INFO = NO;
				PRODUCT_NAME = "$(TARGET_NAME)";
				TEST_HOST = "$(BUNDLE_LOADER)";
			};
			name = Release;
		};
/* End XCBuildConfiguration section */

/* Begin XCConfigurationList section */
		F0EF90DE19481ABE00276306 /* Build configuration list for PBXProject "MSDateFormatter" */ = {
			isa = XCConfigurationList;
			buildConfigurations = (
				F0EF90F819481ABE00276306 /* Debug */,
				F0EF90F919481ABE00276306 /* Release */,
			);
			defaultConfigurationIsVisible = 0;
			defaultConfigurationName = Release;
		};
		F0EF90FA19481ABE00276306 /* Build configuration list for PBXNativeTarget "MSDateFormatter" */ = {
			isa = XCConfigurationList;
			buildConfigurations = (
				F0EF90FB19481ABE00276306 /* Debug */,
				F0EF90FC19481ABE00276306 /* Release */,
			);
			defaultConfigurationIsVisible = 0;
			defaultConfigurationName = Release;
		};
		F0EF90FD19481ABE00276306 /* Build configuration list for PBXNativeTarget "MSDateFormatterTests" */ = {
			isa = XCConfigurationList;
			buildConfigurations = (
				F0EF90FE19481ABE00276306 /* Debug */,
				F0EF90FF19481ABE00276306 /* Release */,
			);
			defaultConfigurationIsVisible = 0;
			defaultConfigurationName = Release;
		};
/* End XCConfigurationList section */
	};
	rootObject = F0EF90DB19481ABE00276306 /* Project object */;
}
