// !$*UTF8*$!
{
	archiveVersion = 1;
	classes = {
	};
	objectVersion = 46;
	objects = {

/* Begin PBXBuildFile section */
		F02008781947FF4B00E01526 /* AppDelegate.swift in Sources */ = {isa = PBXBuildFile; fileRef = F02008771947FF4B00E01526 /* AppDelegate.swift */; };
		F020087A1947FF4B00E01526 /* Images.xcassets in Resources */ = {isa = PBXBuildFile; fileRef = F02008791947FF4B00E01526 /* Images.xcassets */; };
		F02008861947FF4C00E01526 /* MSDateFormatterTests.swift in Sources */ = {isa = PBXBuildFile; fileRef = F02008851947FF4C00E01526 /* MSDateFormatterTests.swift */; };
/* End PBXBuildFile section */

/* Begin PBXContainerItemProxy section */
		F02008801947FF4C00E01526 /* PBXContainerItemProxy */ = {
			isa = PBXContainerItemProxy;
			containerPortal = F020086A1947FF4B00E01526 /* Project object */;
			proxyType = 1;
			remoteGlobalIDString = F02008711947FF4B00E01526;
			remoteInfo = MSDateFormatter;
		};
/* End PBXContainerItemProxy section */

/* Begin PBXFileReference section */
		F02008721947FF4B00E01526 /* MSDateFormatter.app */ = {isa = PBXFileReference; explicitFileType = wrapper.application; includeInIndex = 0; path = MSDateFormatter.app; sourceTree = BUILT_PRODUCTS_DIR; };
		F02008761947FF4B00E01526 /* Info.plist */ = {isa = PBXFileReference; lastKnownFileType = text.plist.xml; path = Info.plist; sourceTree = "<group>"; };
		F02008771947FF4B00E01526 /* AppDelegate.swift */ = {isa = PBXFileReference; lastKnownFileType = sourcecode.swift; path = AppDelegate.swift; sourceTree = "<group>"; };
		F02008791947FF4B00E01526 /* Images.xcassets */ = {isa = PBXFileReference; lastKnownFileType = folder.assetcatalog; path = Images.xcassets; sourceTree = "<group>"; };
		F020087F1947FF4C00E01526 /* MSDateFormatterTests.xctest */ = {isa = PBXFileReference; explicitFileType = wrapper.cfbundle; includeInIndex = 0; path = MSDateFormatterTests.xctest; sourceTree = BUILT_PRODUCTS_DIR; };
		F02008841947FF4C00E01526 /* Info.plist */ = {isa = PBXFileReference; lastKnownFileType = text.plist.xml; path = Info.plist; sourceTree = "<group>"; };
		F02008851947FF4C00E01526 /* MSDateFormatterTests.swift */ = {isa = PBXFileReference; lastKnownFileType = sourcecode.swift; path = MSDateFormatterTests.swift; sourceTree = "<group>"; };
/* End PBXFileReference section */

/* Begin PBXFrameworksBuildPhase section */
		F020086F1947FF4B00E01526 /* Frameworks */ = {
			isa = PBXFrameworksBuildPhase;
			buildActionMask = 2147483647;
			files = (
			);
			runOnlyForDeploymentPostprocessing = 0;
		};
		F020087C1947FF4C00E01526 /* Frameworks */ = {
			isa = PBXFrameworksBuildPhase;
			buildActionMask = 2147483647;
			files = (
			);
			runOnlyForDeploymentPostprocessing = 0;
		};
/* End PBXFrameworksBuildPhase section */

/* Begin PBXGroup section */
		F02008691947FF4B00E01526 = {
			isa = PBXGroup;
			children = (
				F02008741947FF4B00E01526 /* MSDateFormatter */,
				F02008821947FF4C00E01526 /* MSDateFormatterTests */,
				F02008731947FF4B00E01526 /* Products */,
			);
			sourceTree = "<group>";
		};
		F02008731947FF4B00E01526 /* Products */ = {
			isa = PBXGroup;
			children = (
				F02008721947FF4B00E01526 /* MSDateFormatter.app */,
				F020087F1947FF4C00E01526 /* MSDateFormatterTests.xctest */,
			);
			name = Products;
			sourceTree = "<group>";
		};
		F02008741947FF4B00E01526 /* MSDateFormatter */ = {
			isa = PBXGroup;
			children = (
				F02008771947FF4B00E01526 /* AppDelegate.swift */,
				F02008791947FF4B00E01526 /* Images.xcassets */,
				F02008751947FF4B00E01526 /* Supporting Files */,
			);
			path = MSDateFormatter;
			sourceTree = "<group>";
		};
		F02008751947FF4B00E01526 /* Supporting Files */ = {
			isa = PBXGroup;
			children = (
				F02008761947FF4B00E01526 /* Info.plist */,
			);
			name = "Supporting Files";
			sourceTree = "<group>";
		};
		F02008821947FF4C00E01526 /* MSDateFormatterTests */ = {
			isa = PBXGroup;
			children = (
				F02008851947FF4C00E01526 /* MSDateFormatterTests.swift */,
				F02008831947FF4C00E01526 /* Supporting Files */,
			);
			path = MSDateFormatterTests;
			sourceTree = "<group>";
		};
		F02008831947FF4C00E01526 /* Supporting Files */ = {
			isa = PBXGroup;
			children = (
				F02008841947FF4C00E01526 /* Info.plist */,
			);
			name = "Supporting Files";
			sourceTree = "<group>";
		};
/* End PBXGroup section */

/* Begin PBXNativeTarget section */
		F02008711947FF4B00E01526 /* MSDateFormatter */ = {
			isa = PBXNativeTarget;
			buildConfigurationList = F02008891947FF4C00E01526 /* Build configuration list for PBXNativeTarget "MSDateFormatter" */;
			buildPhases = (
				F020086E1947FF4B00E01526 /* Sources */,
				F020086F1947FF4B00E01526 /* Frameworks */,
				F02008701947FF4B00E01526 /* Resources */,
			);
			buildRules = (
			);
			dependencies = (
			);
			name = MSDateFormatter;
			productName = MSDateFormatter;
			productReference = F02008721947FF4B00E01526 /* MSDateFormatter.app */;
			productType = "com.apple.product-type.application";
		};
		F020087E1947FF4C00E01526 /* MSDateFormatterTests */ = {
			isa = PBXNativeTarget;
			buildConfigurationList = F020088C1947FF4C00E01526 /* Build configuration list for PBXNativeTarget "MSDateFormatterTests" */;
			buildPhases = (
				F020087B1947FF4C00E01526 /* Sources */,
				F020087C1947FF4C00E01526 /* Frameworks */,
				F020087D1947FF4C00E01526 /* Resources */,
			);
			buildRules = (
			);
			dependencies = (
				F02008811947FF4C00E01526 /* PBXTargetDependency */,
			);
			name = MSDateFormatterTests;
			productName = MSDateFormatterTests;
			productReference = F020087F1947FF4C00E01526 /* MSDateFormatterTests.xctest */;
			productType = "com.apple.product-type.bundle.unit-test";
		};
/* End PBXNativeTarget section */

/* Begin PBXProject section */
		F020086A1947FF4B00E01526 /* Project object */ = {
			isa = PBXProject;
			attributes = {
				LastUpgradeCheck = 0600;
				ORGANIZATIONNAME = "Michael Vu";
				TargetAttributes = {
					F02008711947FF4B00E01526 = {
						CreatedOnToolsVersion = 6.0;
					};
					F020087E1947FF4C00E01526 = {
						CreatedOnToolsVersion = 6.0;
						TestTargetID = F02008711947FF4B00E01526;
					};
				};
			};
			buildConfigurationList = F020086D1947FF4B00E01526 /* Build configuration list for PBXProject "MSDateFormatter" */;
			compatibilityVersion = "Xcode 3.2";
			developmentRegion = English;
			hasScannedForEncodings = 0;
			knownRegions = (
				en,
			);
			mainGroup = F02008691947FF4B00E01526;
			productRefGroup = F02008731947FF4B00E01526 /* Products */;
			projectDirPath = "";
			projectRoot = "";
			targets = (
				F02008711947FF4B00E01526 /* MSDateFormatter */,
				F020087E1947FF4C00E01526 /* MSDateFormatterTests */,
			);
		};
/* End PBXProject section */

/* Begin PBXResourcesBuildPhase section */
		F02008701947FF4B00E01526 /* Resources */ = {
			isa = PBXResourcesBuildPhase;
			buildActionMask = 2147483647;
			files = (
				F020087A1947FF4B00E01526 /* Images.xcassets in Resources */,
			);
			runOnlyForDeploymentPostprocessing = 0;
		};
		F020087D1947FF4C00E01526 /* Resources */ = {
			isa = PBXResourcesBuildPhase;
			buildActionMask = 2147483647;
			files = (
			);
			runOnlyForDeploymentPostprocessing = 0;
		};
/* End PBXResourcesBuildPhase section */

/* Begin PBXSourcesBuildPhase section */
		F020086E1947FF4B00E01526 /* Sources */ = {
			isa = PBXSourcesBuildPhase;
			buildActionMask = 2147483647;
			files = (
				F02008781947FF4B00E01526 /* AppDelegate.swift in Sources */,
			);
			runOnlyForDeploymentPostprocessing = 0;
		};
		F020087B1947FF4C00E01526 /* Sources */ = {
			isa = PBXSourcesBuildPhase;
			buildActionMask = 2147483647;
			files = (
				F02008861947FF4C00E01526 /* MSDateFormatterTests.swift in Sources */,
			);
			runOnlyForDeploymentPostprocessing = 0;
		};
/* End PBXSourcesBuildPhase section */

/* Begin PBXTargetDependency section */
		F02008811947FF4C00E01526 /* PBXTargetDependency */ = {
			isa = PBXTargetDependency;
			target = F02008711947FF4B00E01526 /* MSDateFormatter */;
			targetProxy = F02008801947FF4C00E01526 /* PBXContainerItemProxy */;
		};
/* End PBXTargetDependency section */

/* Begin XCBuildConfiguration section */
		F02008871947FF4C00E01526 /* Debug */ = {
			isa = XCBuildConfiguration;
			buildSettings = {
				ALWAYS_SEARCH_USER_PATHS = NO;
				CLANG_CXX_LANGUAGE_STANDARD = "gnu++0x";
				CLANG_CXX_LIBRARY = "libc++";
				CLANG_ENABLE_MODULES = YES;
				CLANG_ENABLE_OBJC_ARC = YES;
				CLANG_WARN_BOOL_CONVERSION = YES;
				CLANG_WARN_CONSTANT_CONVERSION = YES;
				CLANG_WARN_DIRECT_OBJC_ISA_USAGE = YES_ERROR;
				CLANG_WARN_EMPTY_BODY = YES;
				CLANG_WARN_ENUM_CONVERSION = YES;
				CLANG_WARN_INT_CONVERSION = YES;
				CLANG_WARN_OBJC_ROOT_CLASS = YES_ERROR;
				CLANG_WARN_UNREACHABLE_CODE = YES;
				CLANG_WARN__DUPLICATE_METHOD_MATCH = YES;
				"CODE_SIGN_IDENTITY[sdk=iphoneos*]" = "iPhone Developer";
				COPY_PHASE_STRIP = NO;
				ENABLE_STRICT_OBJC_MSGSEND = YES;
				GCC_C_LANGUAGE_STANDARD = gnu99;
				GCC_DYNAMIC_NO_PIC = NO;
				GCC_OPTIMIZATION_LEVEL = 0;
				GCC_PREPROCESSOR_DEFINITIONS = (
					"DEBUG=1",
					"$(inherited)",
				);
				GCC_SYMBOLS_PRIVATE_EXTERN = NO;
				GCC_WARN_64_TO_32_BIT_CONVERSION = YES;
				GCC_WARN_ABOUT_RETURN_TYPE = YES_ERROR;
				GCC_WARN_UNDECLARED_SELECTOR = YES;
				GCC_WARN_UNINITIALIZED_AUTOS = YES_AGGRESSIVE;
				GCC_WARN_UNUSED_FUNCTION = YES;
				GCC_WARN_UNUSED_VARIABLE = YES;
				IPHONEOS_DEPLOYMENT_TARGET = 8.0;
				METAL_ENABLE_DEBUG_INFO = YES;
				ONLY_ACTIVE_ARCH = YES;
				SDKROOT = iphoneos;
				SWIFT_OPTIMIZATION_LEVEL = "-Onone";
			};
			name = Debug;
		};
		F02008881947FF4C00E01526 /* Release */ = {
			isa = XCBuildConfiguration;
			buildSettings = {
				ALWAYS_SEARCH_USER_PATHS = NO;
				CLANG_CXX_LANGUAGE_STANDARD = "gnu++0x";
				CLANG_CXX_LIBRARY = "libc++";
				CLANG_ENABLE_MODULES = YES;
				CLANG_ENABLE_OBJC_ARC = YES;
				CLANG_WARN_BOOL_CONVERSION = YES;
				CLANG_WARN_CONSTANT_CONVERSION = YES;
				CLANG_WARN_DIRECT_OBJC_ISA_USAGE = YES_ERROR;
				CLANG_WARN_EMPTY_BODY = YES;
				CLANG_WARN_ENUM_CONVERSION = YES;
				CLANG_WARN_INT_CONVERSION = YES;
				CLANG_WARN_OBJC_ROOT_CLASS = YES_ERROR;
				CLANG_WARN_UNREACHABLE_CODE = YES;
				CLANG_WARN__DUPLICATE_METHOD_MATCH = YES;
				"CODE_SIGN_IDENTITY[sdk=iphoneos*]" = "iPhone Developer";
				COPY_PHASE_STRIP = YES;
				ENABLE_NS_ASSERTIONS = NO;
				ENABLE_STRICT_OBJC_MSGSEND = YES;
				GCC_C_LANGUAGE_STANDARD = gnu99;
				GCC_WARN_64_TO_32_BIT_CONVERSION = YES;
				GCC_WARN_ABOUT_RETURN_TYPE = YES_ERROR;
				GCC_WARN_UNDECLARED_SELECTOR = YES;
				GCC_WARN_UNINITIALIZED_AUTOS = YES_AGGRESSIVE;
				GCC_WARN_UNUSED_FUNCTION = YES;
				GCC_WARN_UNUSED_VARIABLE = YES;
				IPHONEOS_DEPLOYMENT_TARGET = 8.0;
				METAL_ENABLE_DEBUG_INFO = NO;
				SDKROOT = iphoneos;
				VALIDATE_PRODUCT = YES;
			};
			name = Release;
		};
		F020088A1947FF4C00E01526 /* Debug */ = {
			isa = XCBuildConfiguration;
			buildSettings = {
				ASSETCATALOG_COMPILER_APPICON_NAME = AppIcon;
				ASSETCATALOG_COMPILER_LAUNCHIMAGE_NAME = LaunchImage;
				INFOPLIST_FILE = MSDateFormatter/Info.plist;
				LD_RUNPATH_SEARCH_PATHS = "$(inherited) @executable_path/Frameworks";
				PRODUCT_NAME = "$(TARGET_NAME)";
			};
			name = Debug;
		};
		F020088B1947FF4C00E01526 /* Release */ = {
			isa = XCBuildConfiguration;
			buildSettings = {
				ASSETCATALOG_COMPILER_APPICON_NAME = AppIcon;
				ASSETCATALOG_COMPILER_LAUNCHIMAGE_NAME = LaunchImage;
				INFOPLIST_FILE = MSDateFormatter/Info.plist;
				LD_RUNPATH_SEARCH_PATHS = "$(inherited) @executable_path/Frameworks";
				PRODUCT_NAME = "$(TARGET_NAME)";
			};
			name = Release;
		};
		F020088D1947FF4C00E01526 /* Debug */ = {
			isa = XCBuildConfiguration;
			buildSettings = {
				BUNDLE_LOADER = "$(BUILT_PRODUCTS_DIR)/MSDateFormatter.app/MSDateFormatter";
				FRAMEWORK_SEARCH_PATHS = (
					"$(SDKROOT)/Developer/Library/Frameworks",
					"$(inherited)",
				);
				GCC_PREPROCESSOR_DEFINITIONS = (
					"DEBUG=1",
					"$(inherited)",
				);
				INFOPLIST_FILE = MSDateFormatterTests/Info.plist;
				LD_RUNPATH_SEARCH_PATHS = "$(inherited) @executable_path/Frameworks @loader_path/Frameworks";
				METAL_ENABLE_DEBUG_INFO = YES;
				PRODUCT_NAME = "$(TARGET_NAME)";
				TEST_HOST = "$(BUNDLE_LOADER)";
			};
			name = Debug;
		};
		F020088E1947FF4C00E01526 /* Release */ = {
			isa = XCBuildConfiguration;
			buildSettings = {
				BUNDLE_LOADER = "$(BUILT_PRODUCTS_DIR)/MSDateFormatter.app/MSDateFormatter";
				FRAMEWORK_SEARCH_PATHS = (
					"$(SDKROOT)/Developer/Library/Frameworks",
					"$(inherited)",
				);
				INFOPLIST_FILE = MSDateFormatterTests/Info.plist;
				LD_RUNPATH_SEARCH_PATHS = "$(inherited) @executable_path/Frameworks @loader_path/Frameworks";
				METAL_ENABLE_DEBUG_INFO = NO;
				PRODUCT_NAME = "$(TARGET_NAME)";
				TEST_HOST = "$(BUNDLE_LOADER)";
			};
			name = Release;
		};
/* End XCBuildConfiguration section */

/* Begin XCConfigurationList section */
		F020086D1947FF4B00E01526 /* Build configuration list for PBXProject "MSDateFormatter" */ = {
			isa = XCConfigurationList;
			buildConfigurations = (
				F02008871947FF4C00E01526 /* Debug */,
				F02008881947FF4C00E01526 /* Release */,
			);
			defaultConfigurationIsVisible = 0;
			defaultConfigurationName = Release;
		};
		F02008891947FF4C00E01526 /* Build configuration list for PBXNativeTarget "MSDateFormatter" */ = {
			isa = XCConfigurationList;
			buildConfigurations = (
				F020088A1947FF4C00E01526 /* Debug */,
				F020088B1947FF4C00E01526 /* Release */,
			);
			defaultConfigurationIsVisible = 0;
		};
		F020088C1947FF4C00E01526 /* Build configuration list for PBXNativeTarget "MSDateFormatterTests" */ = {
			isa = XCConfigurationList;
			buildConfigurations = (
				F020088D1947FF4C00E01526 /* Debug */,
				F020088E1947FF4C00E01526 /* Release */,
			);
			defaultConfigurationIsVisible = 0;
		};
/* End XCConfigurationList section */
	};
	rootObject = F020086A1947FF4B00E01526 /* Project object */;
}
